
Microsoft Visual Studio Solution File, Format Version 12.00
# Visual Studio Version 17
VisualStudioVersion = 17.14.36401.2
MinimumVisualStudioVersion = 10.0.40219.1
Project("{FAE04EC0-301F-11D3-BF4B-00C04F79EFBC}") = "ProductAPI", "ProductAPI\ProductAPI.csproj", "{4A849D82-0F66-4548-A261-2581CA11E2E0}"
EndProject
Project("{FAE04EC0-301F-11D3-BF4B-00C04F79EFBC}") = "CustomerAPI", "CustomerAPI\CustomerAPI.csproj", "{1BA9C05A-E968-43DF-9536-E13B6FDFB70D}"
EndProject
Project("{FAE04EC0-301F-11D3-BF4B-00C04F79EFBC}") = "OrderAPI", "OrderAPI\OrderAPI.csproj", "{2EC90328-097B-45E0-ABDF-CD7CEC6A9068}"
EndProject
Project("{2150E333-8FDC-42A3-9474-1A3956D46DE8}") = "Customer 1.API", "Customer 1.API", "{02EA681E-C7D8-13C7-8484-4AC65E1B71E8}"
EndProject
Project("{2150E333-8FDC-42A3-9474-1A3956D46DE8}") = "Customer 3.Domain", "Customer 3.Domain", "{2C7E04D2-EB04-4A39-9B1C-07DFFA857EAD}"
EndProject
Project("{2150E333-8FDC-42A3-9474-1A3956D46DE8}") = "Customer 4.Infraestracture", "Customer 4.Infraestracture", "{24236900-1625-4BCD-9884-DFF9972872FE}"
EndProject
Project("{2150E333-8FDC-42A3-9474-1A3956D46DE8}") = "Order 1.Presentation", "Order 1.Presentation", "{AC5DC301-E884-44B9-831E-2E6287372FFF}"
EndProject
Project("{2150E333-8FDC-42A3-9474-1A3956D46DE8}") = "Order 3.Infraestructure", "Order 3.Infraestructure", "{749A0006-8112-4567-9E23-6D02945ABF46}"
EndProject
Project("{2150E333-8FDC-42A3-9474-1A3956D46DE8}") = "Order 2.Domain", "Order 2.Domain", "{E1E9EB1A-A927-4987-A793-C127EE626EAA}"
EndProject
Project("{2150E333-8FDC-42A3-9474-1A3956D46DE8}") = "Product 1.API", "Product 1.API", "{D0E864AB-77B9-41C5-9252-FBA676458995}"
EndProject
Project("{2150E333-8FDC-42A3-9474-1A3956D46DE8}") = "Product 4.Infraestructure", "Product 4.Infraestructure", "{4E150DB9-9884-4512-A564-F55D74283B8A}"
EndProject
Project("{2150E333-8FDC-42A3-9474-1A3956D46DE8}") = "Product 3.Domain", "Product 3.Domain", "{9F3E16DF-AE1A-4092-8042-12A11433B149}"
EndProject
Project("{FAE04EC0-301F-11D3-BF4B-00C04F79EFBC}") = "CustomerDomain", "CustomerDomain\CustomerDomain.csproj", "{32489821-F790-4B89-9926-C50CB039C85D}"
EndProject
Project("{FAE04EC0-301F-11D3-BF4B-00C04F79EFBC}") = "OrderDomain", "OrderDomain\OrderDomain.csproj", "{86874B26-4486-42F0-9B94-9CFE3A7FE079}"
EndProject
Project("{FAE04EC0-301F-11D3-BF4B-00C04F79EFBC}") = "ProductDomain", "ProductDomain\ProductDomain.csproj", "{5BEF4A43-2132-42CB-9BDA-F7FF0A76F8C3}"
EndProject
Project("{FAE04EC0-301F-11D3-BF4B-00C04F79EFBC}") = "CustomerInfra", "CustomerInfra\CustomerInfra.csproj", "{5DF8C2D9-93A9-45C4-9197-7C1D39FAED12}"
EndProject
Project("{FAE04EC0-301F-11D3-BF4B-00C04F79EFBC}") = "OrderInfra", "OrderInfra\OrderInfra.csproj", "{45D8F579-3BE3-4CC7-A06F-03A325148337}"
EndProject
Project("{FAE04EC0-301F-11D3-BF4B-00C04F79EFBC}") = "ProductInfra", "ProductInfra\ProductInfra.csproj", "{091C4489-1ACF-4C03-B31C-B8501B6CDC3C}"
EndProject
Project("{FAE04EC0-301F-11D3-BF4B-00C04F79EFBC}") = "OrderCore", "OrderCore\OrderCore.csproj", "{6E00EA47-6A4C-44C5-AFB7-EBFAB5C8D63E}"
EndProject
Project("{2150E333-8FDC-42A3-9474-1A3956D46DE8}") = "Product 2.Application", "Product 2.Application", "{002BB0DB-5514-4F38-AD22-A5354534E69B}"
EndProject
Project("{FAE04EC0-301F-11D3-BF4B-00C04F79EFBC}") = "ProductApplication", "ProductApplication\ProductApplication.csproj", "{D8120A7F-AEBF-4332-BBC2-A70DEDE746C9}"
EndProject
Project("{2150E333-8FDC-42A3-9474-1A3956D46DE8}") = "Customer 2.Application", "Customer 2.Application", "{158DEED8-C2CD-4503-BB4C-F059F42937C6}"
EndProject
Project("{FAE04EC0-301F-11D3-BF4B-00C04F79EFBC}") = "CustomerApplication", "CustomerApplication\CustomerApplication.csproj", "{E23CCE36-F91E-471C-A73B-2BFF10323155}"
EndProject
Global
	GlobalSection(SolutionConfigurationPlatforms) = preSolution
		Debug|Any CPU = Debug|Any CPU
		Release|Any CPU = Release|Any CPU
	EndGlobalSection
	GlobalSection(ProjectConfigurationPlatforms) = postSolution
		{4A849D82-0F66-4548-A261-2581CA11E2E0}.Debug|Any CPU.ActiveCfg = Debug|Any CPU
		{4A849D82-0F66-4548-A261-2581CA11E2E0}.Debug|Any CPU.Build.0 = Debug|Any CPU
		{4A849D82-0F66-4548-A261-2581CA11E2E0}.Release|Any CPU.ActiveCfg = Release|Any CPU
		{4A849D82-0F66-4548-A261-2581CA11E2E0}.Release|Any CPU.Build.0 = Release|Any CPU
		{1BA9C05A-E968-43DF-9536-E13B6FDFB70D}.Debug|Any CPU.ActiveCfg = Debug|Any CPU
		{1BA9C05A-E968-43DF-9536-E13B6FDFB70D}.Debug|Any CPU.Build.0 = Debug|Any CPU
		{1BA9C05A-E968-43DF-9536-E13B6FDFB70D}.Release|Any CPU.ActiveCfg = Release|Any CPU
		{1BA9C05A-E968-43DF-9536-E13B6FDFB70D}.Release|Any CPU.Build.0 = Release|Any CPU
		{2EC90328-097B-45E0-ABDF-CD7CEC6A9068}.Debug|Any CPU.ActiveCfg = Debug|Any CPU
		{2EC90328-097B-45E0-ABDF-CD7CEC6A9068}.Debug|Any CPU.Build.0 = Debug|Any CPU
		{2EC90328-097B-45E0-ABDF-CD7CEC6A9068}.Release|Any CPU.ActiveCfg = Release|Any CPU
		{2EC90328-097B-45E0-ABDF-CD7CEC6A9068}.Release|Any CPU.Build.0 = Release|Any CPU
		{32489821-F790-4B89-9926-C50CB039C85D}.Debug|Any CPU.ActiveCfg = Debug|Any CPU
		{32489821-F790-4B89-9926-C50CB039C85D}.Debug|Any CPU.Build.0 = Debug|Any CPU
		{32489821-F790-4B89-9926-C50CB039C85D}.Release|Any CPU.ActiveCfg = Release|Any CPU
		{32489821-F790-4B89-9926-C50CB039C85D}.Release|Any CPU.Build.0 = Release|Any CPU
		{86874B26-4486-42F0-9B94-9CFE3A7FE079}.Debug|Any CPU.ActiveCfg = Debug|Any CPU
		{86874B26-4486-42F0-9B94-9CFE3A7FE079}.Debug|Any CPU.Build.0 = Debug|Any CPU
		{86874B26-4486-42F0-9B94-9CFE3A7FE079}.Release|Any CPU.ActiveCfg = Release|Any CPU
		{86874B26-4486-42F0-9B94-9CFE3A7FE079}.Release|Any CPU.Build.0 = Release|Any CPU
		{5BEF4A43-2132-42CB-9BDA-F7FF0A76F8C3}.Debug|Any CPU.ActiveCfg = Debug|Any CPU
		{5BEF4A43-2132-42CB-9BDA-F7FF0A76F8C3}.Debug|Any CPU.Build.0 = Debug|Any CPU
		{5BEF4A43-2132-42CB-9BDA-F7FF0A76F8C3}.Release|Any CPU.ActiveCfg = Release|Any CPU
		{5BEF4A43-2132-42CB-9BDA-F7FF0A76F8C3}.Release|Any CPU.Build.0 = Release|Any CPU
		{5DF8C2D9-93A9-45C4-9197-7C1D39FAED12}.Debug|Any CPU.ActiveCfg = Debug|Any CPU
		{5DF8C2D9-93A9-45C4-9197-7C1D39FAED12}.Debug|Any CPU.Build.0 = Debug|Any CPU
		{5DF8C2D9-93A9-45C4-9197-7C1D39FAED12}.Release|Any CPU.ActiveCfg = Release|Any CPU
		{5DF8C2D9-93A9-45C4-9197-7C1D39FAED12}.Release|Any CPU.Build.0 = Release|Any CPU
		{45D8F579-3BE3-4CC7-A06F-03A325148337}.Debug|Any CPU.ActiveCfg = Debug|Any CPU
		{45D8F579-3BE3-4CC7-A06F-03A325148337}.Debug|Any CPU.Build.0 = Debug|Any CPU
		{45D8F579-3BE3-4CC7-A06F-03A325148337}.Release|Any CPU.ActiveCfg = Release|Any CPU
		{45D8F579-3BE3-4CC7-A06F-03A325148337}.Release|Any CPU.Build.0 = Release|Any CPU
		{091C4489-1ACF-4C03-B31C-B8501B6CDC3C}.Debug|Any CPU.ActiveCfg = Debug|Any CPU
		{091C4489-1ACF-4C03-B31C-B8501B6CDC3C}.Debug|Any CPU.Build.0 = Debug|Any CPU
		{091C4489-1ACF-4C03-B31C-B8501B6CDC3C}.Release|Any CPU.ActiveCfg = Release|Any CPU
		{091C4489-1ACF-4C03-B31C-B8501B6CDC3C}.Release|Any CPU.Build.0 = Release|Any CPU
		{6E00EA47-6A4C-44C5-AFB7-EBFAB5C8D63E}.Debug|Any CPU.ActiveCfg = Debug|Any CPU
		{6E00EA47-6A4C-44C5-AFB7-EBFAB5C8D63E}.Debug|Any CPU.Build.0 = Debug|Any CPU
		{6E00EA47-6A4C-44C5-AFB7-EBFAB5C8D63E}.Release|Any CPU.ActiveCfg = Release|Any CPU
		{6E00EA47-6A4C-44C5-AFB7-EBFAB5C8D63E}.Release|Any CPU.Build.0 = Release|Any CPU
		{D8120A7F-AEBF-4332-BBC2-A70DEDE746C9}.Debug|Any CPU.ActiveCfg = Debug|Any CPU
		{D8120A7F-AEBF-4332-BBC2-A70DEDE746C9}.Debug|Any CPU.Build.0 = Debug|Any CPU
		{D8120A7F-AEBF-4332-BBC2-A70DEDE746C9}.Release|Any CPU.ActiveCfg = Release|Any CPU
		{D8120A7F-AEBF-4332-BBC2-A70DEDE746C9}.Release|Any CPU.Build.0 = Release|Any CPU
		{E23CCE36-F91E-471C-A73B-2BFF10323155}.Debug|Any CPU.ActiveCfg = Debug|Any CPU
		{E23CCE36-F91E-471C-A73B-2BFF10323155}.Debug|Any CPU.Build.0 = Debug|Any CPU
		{E23CCE36-F91E-471C-A73B-2BFF10323155}.Release|Any CPU.ActiveCfg = Release|Any CPU
		{E23CCE36-F91E-471C-A73B-2BFF10323155}.Release|Any CPU.Build.0 = Release|Any CPU
	EndGlobalSection
	GlobalSection(SolutionProperties) = preSolution
		HideSolutionNode = FALSE
	EndGlobalSection
	GlobalSection(NestedProjects) = preSolution
		{4A849D82-0F66-4548-A261-2581CA11E2E0} = {D0E864AB-77B9-41C5-9252-FBA676458995}
		{1BA9C05A-E968-43DF-9536-E13B6FDFB70D} = {02EA681E-C7D8-13C7-8484-4AC65E1B71E8}
		{2EC90328-097B-45E0-ABDF-CD7CEC6A9068} = {AC5DC301-E884-44B9-831E-2E6287372FFF}
		{32489821-F790-4B89-9926-C50CB039C85D} = {2C7E04D2-EB04-4A39-9B1C-07DFFA857EAD}
		{86874B26-4486-42F0-9B94-9CFE3A7FE079} = {E1E9EB1A-A927-4987-A793-C127EE626EAA}
		{5BEF4A43-2132-42CB-9BDA-F7FF0A76F8C3} = {9F3E16DF-AE1A-4092-8042-12A11433B149}
		{5DF8C2D9-93A9-45C4-9197-7C1D39FAED12} = {24236900-1625-4BCD-9884-DFF9972872FE}
		{45D8F579-3BE3-4CC7-A06F-03A325148337} = {749A0006-8112-4567-9E23-6D02945ABF46}
		{091C4489-1ACF-4C03-B31C-B8501B6CDC3C} = {4E150DB9-9884-4512-A564-F55D74283B8A}
		{6E00EA47-6A4C-44C5-AFB7-EBFAB5C8D63E} = {E1E9EB1A-A927-4987-A793-C127EE626EAA}
		{D8120A7F-AEBF-4332-BBC2-A70DEDE746C9} = {002BB0DB-5514-4F38-AD22-A5354534E69B}
		{E23CCE36-F91E-471C-A73B-2BFF10323155} = {158DEED8-C2CD-4503-BB4C-F059F42937C6}
	EndGlobalSection
	GlobalSection(ExtensibilityGlobals) = postSolution
		SolutionGuid = {549A03F5-5AB5-453E-8307-6609B3ADF99F}
	EndGlobalSection
EndGlobal
