
Microsoft Visual Studio Solution File, Format Version 12.00
# Visual Studio Version 17
VisualStudioVersion = 17.14.36401.2
MinimumVisualStudioVersion = 10.0.40219.1
Project("{FAE04EC0-301F-11D3-BF4B-00C04F79EFBC}") = "ProductAPI", "ProductAPI\ProductAPI.csproj", "{4A849D82-0F66-4548-A261-2581CA11E2E0}"
EndProject
Project("{FAE04EC0-301F-11D3-BF4B-00C04F79EFBC}") = "CustomerAPI", "CustomerAPI\CustomerAPI.csproj", "{1BA9C05A-E968-43DF-9536-E13B6FDFB70D}"
EndProject
Project("{FAE04EC0-301F-11D3-BF4B-00C04F79EFBC}") = "OrderAPI", "OrderAPI\OrderAPI.csproj", "{2EC90328-097B-45E0-ABDF-CD7CEC6A9068}"
EndProject
Global
	GlobalSection(SolutionConfigurationPlatforms) = preSolution
		Debug|Any CPU = Debug|Any CPU
		Release|Any CPU = Release|Any CPU
	EndGlobalSection
	GlobalSection(ProjectConfigurationPlatforms) = postSolution
		{4A849D82-0F66-4548-A261-2581CA11E2E0}.Debug|Any CPU.ActiveCfg = Debug|Any CPU
		{4A849D82-0F66-4548-A261-2581CA11E2E0}.Debug|Any CPU.Build.0 = Debug|Any CPU
		{4A849D82-0F66-4548-A261-2581CA11E2E0}.Release|Any CPU.ActiveCfg = Release|Any CPU
		{4A849D82-0F66-4548-A261-2581CA11E2E0}.Release|Any CPU.Build.0 = Release|Any CPU
		{1BA9C05A-E968-43DF-9536-E13B6FDFB70D}.Debug|Any CPU.ActiveCfg = Debug|Any CPU
		{1BA9C05A-E968-43DF-9536-E13B6FDFB70D}.Debug|Any CPU.Build.0 = Debug|Any CPU
		{1BA9C05A-E968-43DF-9536-E13B6FDFB70D}.Release|Any CPU.ActiveCfg = Release|Any CPU
		{1BA9C05A-E968-43DF-9536-E13B6FDFB70D}.Release|Any CPU.Build.0 = Release|Any CPU
		{2EC90328-097B-45E0-ABDF-CD7CEC6A9068}.Debug|Any CPU.ActiveCfg = Debug|Any CPU
		{2EC90328-097B-45E0-ABDF-CD7CEC6A9068}.Debug|Any CPU.Build.0 = Debug|Any CPU
		{2EC90328-097B-45E0-ABDF-CD7CEC6A9068}.Release|Any CPU.ActiveCfg = Release|Any CPU
		{2EC90328-097B-45E0-ABDF-CD7CEC6A9068}.Release|Any CPU.Build.0 = Release|Any CPU
	EndGlobalSection
	GlobalSection(SolutionProperties) = preSolution
		HideSolutionNode = FALSE
	EndGlobalSection
	GlobalSection(ExtensibilityGlobals) = postSolution
		SolutionGuid = {549A03F5-5AB5-453E-8307-6609B3ADF99F}
	EndGlobalSection
EndGlobal
